{
  "requires": true,
  "lockfileVersion": 1,
  "dependencies": {
    "systemjs": {
      "version": "6.8.3",
      "resolved": "https://registry.npmjs.org/systemjs/-/systemjs-6.8.3.tgz",
      "integrity": "sha512-UcTY+FEA1B7e+bpJk1TI+a9Na6LG7wFEqW7ED16cLqLuQfI/9Ri0rsXm3tKlIgNoHyLHZycjdAOijzNbzelgwA=="
    }
  }
}
